// !$*UTF8*$!
{
	archiveVersion = 1;
	classes = {
	};
	objectVersion = 56;
	objects = {

/* Begin PBXBuildFile section */
		34A7D2572B727C6D00BE9039 /* Framework.swift in Sources */ = {isa = PBXBuildFile; fileRef = 34A7D2562B727C6D00BE9039 /* Framework.swift */; };
		34A7D2592B727EC100BE9039 /* Preview Content in Resources */ = {isa = PBXBuildFile; fileRef = 34A7D2582B727EC100BE9039 /* Preview Content */; };
		34BC2D4D2B7275AF00E68073 /* RealityKitContent in Frameworks */ = {isa = PBXBuildFile; productRef = 34BC2D4C2B7275AF00E68073 /* RealityKitContent */; };
		34BC2D4F2B7275AF00E68073 /* TestApp.swift in Sources */ = {isa = PBXBuildFile; fileRef = 34BC2D4E2B7275AF00E68073 /* TestApp.swift */; };
		34BC2D512B7275AF00E68073 /* FrameworkGridView.swift in Sources */ = {isa = PBXBuildFile; fileRef = 34BC2D502B7275AF00E68073 /* FrameworkGridView.swift */; };
		34BC2D532B7275AF00E68073 /* ImmersiveView.swift in Sources */ = {isa = PBXBuildFile; fileRef = 34BC2D522B7275AF00E68073 /* ImmersiveView.swift */; };
		34BC2D552B7275AF00E68073 /* ImageBasedLighting.skybox in Resources */ = {isa = PBXBuildFile; fileRef = 34BC2D542B7275AF00E68073 /* ImageBasedLighting.skybox */; };
		34BC2D572B7275B200E68073 /* Assets.xcassets in Resources */ = {isa = PBXBuildFile; fileRef = 34BC2D562B7275B200E68073 /* Assets.xcassets */; };
		34BC2D5A2B7275B200E68073 /* Preview Assets.xcassets in Resources */ = {isa = PBXBuildFile; fileRef = 34BC2D592B7275B200E68073 /* Preview Assets.xcassets */; };
		34BC2D652B7275B200E68073 /* TestTests.swift in Sources */ = {isa = PBXBuildFile; fileRef = 34BC2D642B7275B200E68073 /* TestTests.swift */; };
/* End PBXBuildFile section */

/* Begin PBXContainerItemProxy section */
		34BC2D612B7275B200E68073 /* PBXContainerItemProxy */ = {
			isa = PBXContainerItemProxy;
			containerPortal = 34BC2D3F2B7275AF00E68073 /* Project object */;
			proxyType = 1;
			remoteGlobalIDString = 34BC2D462B7275AF00E68073;
			remoteInfo = Test;
		};
/* End PBXContainerItemProxy section */

/* Begin PBXFileReference section */
		34A7D2562B727C6D00BE9039 /* Framework.swift */ = {isa = PBXFileReference; lastKnownFileType = sourcecode.swift; path = Framework.swift; sourceTree = "<group>"; };
		34A7D2582B727EC100BE9039 /* Preview Content */ = {isa = PBXFileReference; lastKnownFileType = folder; path = "Preview Content"; sourceTree = "<group>"; };
		34BC2D472B7275AF00E68073 /* Test.app */ = {isa = PBXFileReference; explicitFileType = wrapper.application; includeInIndex = 0; path = Test.app; sourceTree = BUILT_PRODUCTS_DIR; };
		34BC2D4B2B7275AF00E68073 /* RealityKitContent */ = {isa = PBXFileReference; lastKnownFileType = wrapper; path = RealityKitContent; sourceTree = "<group>"; };
		34BC2D4E2B7275AF00E68073 /* TestApp.swift */ = {isa = PBXFileReference; lastKnownFileType = sourcecode.swift; path = TestApp.swift; sourceTree = "<group>"; };
		34BC2D502B7275AF00E68073 /* FrameworkGridView.swift */ = {isa = PBXFileReference; lastKnownFileType = sourcecode.swift; path = FrameworkGridView.swift; sourceTree = "<group>"; };
		34BC2D522B7275AF00E68073 /* ImmersiveView.swift */ = {isa = PBXFileReference; lastKnownFileType = sourcecode.swift; path = ImmersiveView.swift; sourceTree = "<group>"; };
		34BC2D542B7275AF00E68073 /* ImageBasedLighting.skybox */ = {isa = PBXFileReference; lastKnownFileType = file.skybox; path = ImageBasedLighting.skybox; sourceTree = "<group>"; };
		34BC2D562B7275B200E68073 /* Assets.xcassets */ = {isa = PBXFileReference; lastKnownFileType = folder.assetcatalog; path = Assets.xcassets; sourceTree = "<group>"; };
		34BC2D592B7275B200E68073 /* Preview Assets.xcassets */ = {isa = PBXFileReference; lastKnownFileType = folder.assetcatalog; path = "Preview Assets.xcassets"; sourceTree = "<group>"; };
		34BC2D5B2B7275B200E68073 /* Info.plist */ = {isa = PBXFileReference; lastKnownFileType = text.plist.xml; path = Info.plist; sourceTree = "<group>"; };
		34BC2D602B7275B200E68073 /* TestTests.xctest */ = {isa = PBXFileReference; explicitFileType = wrapper.cfbundle; includeInIndex = 0; path = TestTests.xctest; sourceTree = BUILT_PRODUCTS_DIR; };
		34BC2D642B7275B200E68073 /* TestTests.swift */ = {isa = PBXFileReference; lastKnownFileType = sourcecode.swift; path = TestTests.swift; sourceTree = "<group>"; };
/* End PBXFileReference section */

/* Begin PBXFrameworksBuildPhase section */
		34BC2D442B7275AF00E68073 /* Frameworks */ = {
			isa = PBXFrameworksBuildPhase;
			buildActionMask = 2147483647;
			files = (
				34BC2D4D2B7275AF00E68073 /* RealityKitContent in Frameworks */,
			);
			runOnlyForDeploymentPostprocessing = 0;
		};
		34BC2D5D2B7275B200E68073 /* Frameworks */ = {
			isa = PBXFrameworksBuildPhase;
			buildActionMask = 2147483647;
			files = (
			);
			runOnlyForDeploymentPostprocessing = 0;
		};
/* End PBXFrameworksBuildPhase section */

/* Begin PBXGroup section */
		34BC2D3E2B7275AF00E68073 = {
			isa = PBXGroup;
			children = (
				34BC2D492B7275AF00E68073 /* Test */,
				34BC2D4A2B7275AF00E68073 /* Packages */,
				34BC2D632B7275B200E68073 /* TestTests */,
				34BC2D482B7275AF00E68073 /* Products */,
			);
			sourceTree = "<group>";
		};
		34BC2D482B7275AF00E68073 /* Products */ = {
			isa = PBXGroup;
			children = (
				34BC2D472B7275AF00E68073 /* Test.app */,
				34BC2D602B7275B200E68073 /* TestTests.xctest */,
			);
			name = Products;
			sourceTree = "<group>";
		};
		34BC2D492B7275AF00E68073 /* Test */ = {
			isa = PBXGroup;
			children = (
				34BC2D4E2B7275AF00E68073 /* TestApp.swift */,
				34BC2D502B7275AF00E68073 /* FrameworkGridView.swift */,
				34BC2D522B7275AF00E68073 /* ImmersiveView.swift */,
				34A7D2562B727C6D00BE9039 /* Framework.swift */,
				34BC2D542B7275AF00E68073 /* ImageBasedLighting.skybox */,
				34BC2D562B7275B200E68073 /* Assets.xcassets */,
				34BC2D5B2B7275B200E68073 /* Info.plist */,
				34BC2D582B7275B200E68073 /* Preview Content */,
				34A7D2582B727EC100BE9039 /* Preview Content */,
			);
			path = Test;
			sourceTree = "<group>";
		};
		34BC2D4A2B7275AF00E68073 /* Packages */ = {
			isa = PBXGroup;
			children = (
				34BC2D4B2B7275AF00E68073 /* RealityKitContent */,
			);
			path = Packages;
			sourceTree = "<group>";
		};
		34BC2D582B7275B200E68073 /* Preview Content */ = {
			isa = PBXGroup;
			children = (
				34BC2D592B7275B200E68073 /* Preview Assets.xcassets */,
			);
			path = "Preview Content";
			sourceTree = "<group>";
		};
		34BC2D632B7275B200E68073 /* TestTests */ = {
			isa = PBXGroup;
			children = (
				34BC2D642B7275B200E68073 /* TestTests.swift */,
			);
			path = TestTests;
			sourceTree = "<group>";
		};
/* End PBXGroup section */

/* Begin PBXNativeTarget section */
		34BC2D462B7275AF00E68073 /* Test */ = {
			isa = PBXNativeTarget;
			buildConfigurationList = 34BC2D682B7275B200E68073 /* Build configuration list for PBXNativeTarget "Test" */;
			buildPhases = (
				34BC2D432B7275AF00E68073 /* Sources */,
				34BC2D442B7275AF00E68073 /* Frameworks */,
				34BC2D452B7275AF00E68073 /* Resources */,
			);
			buildRules = (
			);
			dependencies = (
			);
			name = Test;
			packageProductDependencies = (
				34BC2D4C2B7275AF00E68073 /* RealityKitContent */,
			);
			productName = Test;
			productReference = 34BC2D472B7275AF00E68073 /* Test.app */;
			productType = "com.apple.product-type.application";
		};
		34BC2D5F2B7275B200E68073 /* TestTests */ = {
			isa = PBXNativeTarget;
			buildConfigurationList = 34BC2D6B2B7275B200E68073 /* Build configuration list for PBXNativeTarget "TestTests" */;
			buildPhases = (
				34BC2D5C2B7275B200E68073 /* Sources */,
				34BC2D5D2B7275B200E68073 /* Frameworks */,
				34BC2D5E2B7275B200E68073 /* Resources */,
			);
			buildRules = (
			);
			dependencies = (
				34BC2D622B7275B200E68073 /* PBXTargetDependency */,
			);
			name = TestTests;
			productName = TestTests;
			productReference = 34BC2D602B7275B200E68073 /* TestTests.xctest */;
			productType = "com.apple.product-type.bundle.unit-test";
		};
/* End PBXNativeTarget section */

/* Begin PBXProject section */
		34BC2D3F2B7275AF00E68073 /* Project object */ = {
			isa = PBXProject;
			attributes = {
				BuildIndependentTargetsInParallel = 1;
				LastSwiftUpdateCheck = 1520;
				LastUpgradeCheck = 1520;
				TargetAttributes = {
					34BC2D462B7275AF00E68073 = {
						CreatedOnToolsVersion = 15.2;
					};
					34BC2D5F2B7275B200E68073 = {
						CreatedOnToolsVersion = 15.2;
						TestTargetID = 34BC2D462B7275AF00E68073;
					};
				};
			};
			buildConfigurationList = 34BC2D422B7275AF00E68073 /* Build configuration list for PBXProject "Test" */;
			compatibilityVersion = "Xcode 14.0";
			developmentRegion = en;
			hasScannedForEncodings = 0;
			knownRegions = (
				en,
				Base,
			);
			mainGroup = 34BC2D3E2B7275AF00E68073;
			productRefGroup = 34BC2D482B7275AF00E68073 /* Products */;
			projectDirPath = "";
			projectRoot = "";
			targets = (
				34BC2D462B7275AF00E68073 /* Test */,
				34BC2D5F2B7275B200E68073 /* TestTests */,
			);
		};
/* End PBXProject section */

/* Begin PBXResourcesBuildPhase section */
		34BC2D452B7275AF00E68073 /* Resources */ = {
			isa = PBXResourcesBuildPhase;
			buildActionMask = 2147483647;
			files = (
				34A7D2592B727EC100BE9039 /* Preview Content in Resources */,
				34BC2D572B7275B200E68073 /* Assets.xcassets in Resources */,
				34BC2D5A2B7275B200E68073 /* Preview Assets.xcassets in Resources */,
				34BC2D552B7275AF00E68073 /* ImageBasedLighting.skybox in Resources */,
			);
			runOnlyForDeploymentPostprocessing = 0;
		};
		34BC2D5E2B7275B200E68073 /* Resources */ = {
			isa = PBXResourcesBuildPhase;
			buildActionMask = 2147483647;
			files = (
			);
			runOnlyForDeploymentPostprocessing = 0;
		};
/* End PBXResourcesBuildPhase section */

/* Begin PBXSourcesBuildPhase section */
		34BC2D432B7275AF00E68073 /* Sources */ = {
			isa = PBXSourcesBuildPhase;
			buildActionMask = 2147483647;
			files = (
				34A7D2572B727C6D00BE9039 /* Framework.swift in Sources */,
				34BC2D512B7275AF00E68073 /* FrameworkGridView.swift in Sources */,
				34BC2D4F2B7275AF00E68073 /* TestApp.swift in Sources */,
				34BC2D532B7275AF00E68073 /* ImmersiveView.swift in Sources */,
			);
			runOnlyForDeploymentPostprocessing = 0;
		};
		34BC2D5C2B7275B200E68073 /* Sources */ = {
			isa = PBXSourcesBuildPhase;
			buildActionMask = 2147483647;
			files = (
				34BC2D652B7275B200E68073 /* TestTests.swift in Sources */,
			);
			runOnlyForDeploymentPostprocessing = 0;
		};
/* End PBXSourcesBuildPhase section */

/* Begin PBXTargetDependency section */
		34BC2D622B7275B200E68073 /* PBXTargetDependency */ = {
			isa = PBXTargetDependency;
			target = 34BC2D462B7275AF00E68073 /* Test */;
			targetProxy = 34BC2D612B7275B200E68073 /* PBXContainerItemProxy */;
		};
/* End PBXTargetDependency section */

/* Begin XCBuildConfiguration section */
		34BC2D662B7275B200E68073 /* Debug */ = {
			isa = XCBuildConfiguration;
			buildSettings = {
				ALWAYS_SEARCH_USER_PATHS = NO;
				ASSETCATALOG_COMPILER_GENERATE_SWIFT_ASSET_SYMBOL_EXTENSIONS = YES;
				CLANG_ANALYZER_NONNULL = YES;
				CLANG_ANALYZER_NUMBER_OBJECT_CONVERSION = YES_AGGRESSIVE;
				CLANG_CXX_LANGUAGE_STANDARD = "gnu++20";
				CLANG_ENABLE_MODULES = YES;
				CLANG_ENABLE_OBJC_ARC = YES;
				CLANG_ENABLE_OBJC_WEAK = YES;
				CLANG_WARN_BLOCK_CAPTURE_AUTORELEASING = YES;
				CLANG_WARN_BOOL_CONVERSION = YES;
				CLANG_WARN_COMMA = YES;
				CLANG_WARN_CONSTANT_CONVERSION = YES;
				CLANG_WARN_DEPRECATED_OBJC_IMPLEMENTATIONS = YES;
				CLANG_WARN_DIRECT_OBJC_ISA_USAGE = YES_ERROR;
				CLANG_WARN_DOCUMENTATION_COMMENTS = YES;
				CLANG_WARN_EMPTY_BODY = YES;
				CLANG_WARN_ENUM_CONVERSION = YES;
				CLANG_WARN_INFINITE_RECURSION = YES;
				CLANG_WARN_INT_CONVERSION = YES;
				CLANG_WARN_NON_LITERAL_NULL_CONVERSION = YES;
				CLANG_WARN_OBJC_IMPLICIT_RETAIN_SELF = YES;
				CLANG_WARN_OBJC_LITERAL_CONVERSION = YES;
				CLANG_WARN_OBJC_ROOT_CLASS = YES_ERROR;
				CLANG_WARN_QUOTED_INCLUDE_IN_FRAMEWORK_HEADER = YES;
				CLANG_WARN_RANGE_LOOP_ANALYSIS = YES;
				CLANG_WARN_STRICT_PROTOTYPES = YES;
				CLANG_WARN_SUSPICIOUS_MOVE = YES;
				CLANG_WARN_UNGUARDED_AVAILABILITY = YES_AGGRESSIVE;
				CLANG_WARN_UNREACHABLE_CODE = YES;
				CLANG_WARN__DUPLICATE_METHOD_MATCH = YES;
				COPY_PHASE_STRIP = NO;
				DEBUG_INFORMATION_FORMAT = dwarf;
				ENABLE_STRICT_OBJC_MSGSEND = YES;
				ENABLE_TESTABILITY = YES;
				ENABLE_USER_SCRIPT_SANDBOXING = YES;
				GCC_C_LANGUAGE_STANDARD = gnu17;
				GCC_DYNAMIC_NO_PIC = NO;
				GCC_NO_COMMON_BLOCKS = YES;
				GCC_OPTIMIZATION_LEVEL = 0;
				GCC_PREPROCESSOR_DEFINITIONS = (
					"DEBUG=1",
					"$(inherited)",
				);
				GCC_WARN_64_TO_32_BIT_CONVERSION = YES;
				GCC_WARN_ABOUT_RETURN_TYPE = YES_ERROR;
				GCC_WARN_UNDECLARED_SELECTOR = YES;
				GCC_WARN_UNINITIALIZED_AUTOS = YES_AGGRESSIVE;
				GCC_WARN_UNUSED_FUNCTION = YES;
				GCC_WARN_UNUSED_VARIABLE = YES;
				LOCALIZATION_PREFERS_STRING_CATALOGS = YES;
				MTL_ENABLE_DEBUG_INFO = INCLUDE_SOURCE;
				MTL_FAST_MATH = YES;
				ONLY_ACTIVE_ARCH = YES;
				SDKROOT = xros;
				SWIFT_ACTIVE_COMPILATION_CONDITIONS = "DEBUG $(inherited)";
				SWIFT_OPTIMIZATION_LEVEL = "-Onone";
				XROS_DEPLOYMENT_TARGET = 1.0;
			};
			name = Debug;
		};
		34BC2D672B7275B200E68073 /* Release */ = {
			isa = XCBuildConfiguration;
			buildSettings = {
				ALWAYS_SEARCH_USER_PATHS = NO;
				ASSETCATALOG_COMPILER_GENERATE_SWIFT_ASSET_SYMBOL_EXTENSIONS = YES;
				CLANG_ANALYZER_NONNULL = YES;
				CLANG_ANALYZER_NUMBER_OBJECT_CONVERSION = YES_AGGRESSIVE;
				CLANG_CXX_LANGUAGE_STANDARD = "gnu++20";
				CLANG_ENABLE_MODULES = YES;
				CLANG_ENABLE_OBJC_ARC = YES;
				CLANG_ENABLE_OBJC_WEAK = YES;
				CLANG_WARN_BLOCK_CAPTURE_AUTORELEASING = YES;
				CLANG_WARN_BOOL_CONVERSION = YES;
				CLANG_WARN_COMMA = YES;
				CLANG_WARN_CONSTANT_CONVERSION = YES;
				CLANG_WARN_DEPRECATED_OBJC_IMPLEMENTATIONS = YES;
				CLANG_WARN_DIRECT_OBJC_ISA_USAGE = YES_ERROR;
				CLANG_WARN_DOCUMENTATION_COMMENTS = YES;
				CLANG_WARN_EMPTY_BODY = YES;
				CLANG_WARN_ENUM_CONVERSION = YES;
				CLANG_WARN_INFINITE_RECURSION = YES;
				CLANG_WARN_INT_CONVERSION = YES;
				CLANG_WARN_NON_LITERAL_NULL_CONVERSION = YES;
				CLANG_WARN_OBJC_IMPLICIT_RETAIN_SELF = YES;
				CLANG_WARN_OBJC_LITERAL_CONVERSION = YES;
				CLANG_WARN_OBJC_ROOT_CLASS = YES_ERROR;
				CLANG_WARN_QUOTED_INCLUDE_IN_FRAMEWORK_HEADER = YES;
				CLANG_WARN_RANGE_LOOP_ANALYSIS = YES;
				CLANG_WARN_STRICT_PROTOTYPES = YES;
				CLANG_WARN_SUSPICIOUS_MOVE = YES;
				CLANG_WARN_UNGUARDED_AVAILABILITY = YES_AGGRESSIVE;
				CLANG_WARN_UNREACHABLE_CODE = YES;
				CLANG_WARN__DUPLICATE_METHOD_MATCH = YES;
				COPY_PHASE_STRIP = NO;
				DEBUG_INFORMATION_FORMAT = "dwarf-with-dsym";
				ENABLE_NS_ASSERTIONS = NO;
				ENABLE_STRICT_OBJC_MSGSEND = YES;
				ENABLE_USER_SCRIPT_SANDBOXING = YES;
				GCC_C_LANGUAGE_STANDARD = gnu17;
				GCC_NO_COMMON_BLOCKS = YES;
				GCC_WARN_64_TO_32_BIT_CONVERSION = YES;
				GCC_WARN_ABOUT_RETURN_TYPE = YES_ERROR;
				GCC_WARN_UNDECLARED_SELECTOR = YES;
				GCC_WARN_UNINITIALIZED_AUTOS = YES_AGGRESSIVE;
				GCC_WARN_UNUSED_FUNCTION = YES;
				GCC_WARN_UNUSED_VARIABLE = YES;
				LOCALIZATION_PREFERS_STRING_CATALOGS = YES;
				MTL_ENABLE_DEBUG_INFO = NO;
				MTL_FAST_MATH = YES;
				SDKROOT = xros;
				SWIFT_COMPILATION_MODE = wholemodule;
				VALIDATE_PRODUCT = YES;
				XROS_DEPLOYMENT_TARGET = 1.0;
			};
			name = Release;
		};
		34BC2D692B7275B200E68073 /* Debug */ = {
			isa = XCBuildConfiguration;
			buildSettings = {
				ASSETCATALOG_COMPILER_APPICON_NAME = AppIcon;
				ASSETCATALOG_COMPILER_GLOBAL_ACCENT_COLOR_NAME = AccentColor;
				CODE_SIGN_STYLE = Automatic;
				CURRENT_PROJECT_VERSION = 1;
				DEVELOPMENT_ASSET_PATHS = "\"Test/Preview Content\"";
				ENABLE_PREVIEWS = YES;
				GENERATE_INFOPLIST_FILE = YES;
				INFOPLIST_FILE = "$(TARGET_NAME)/Info.plist";
				LD_RUNPATH_SEARCH_PATHS = (
					"$(inherited)",
					"@executable_path/Frameworks",
				);
				MARKETING_VERSION = 1.0;
				PRODUCT_BUNDLE_IDENTIFIER = Suppka.Test;
				PRODUCT_NAME = "$(TARGET_NAME)";
				SUPPORTED_PLATFORMS = "xros xrsimulator";
				SWIFT_EMIT_LOC_STRINGS = YES;
				SWIFT_VERSION = 5.0;
				TARGETED_DEVICE_FAMILY = "1,2,7";
			};
			name = Debug;
		};
		34BC2D6A2B7275B200E68073 /* Release */ = {
			isa = XCBuildConfiguration;
			buildSettings = {
				ASSETCATALOG_COMPILER_APPICON_NAME = AppIcon;
				ASSETCATALOG_COMPILER_GLOBAL_ACCENT_COLOR_NAME = AccentColor;
				CODE_SIGN_STYLE = Automatic;
				CURRENT_PROJECT_VERSION = 1;
				DEVELOPMENT_ASSET_PATHS = "\"Test/Preview Content\"";
				ENABLE_PREVIEWS = YES;
				GENERATE_INFOPLIST_FILE = YES;
				INFOPLIST_FILE = "$(TARGET_NAME)/Info.plist";
				LD_RUNPATH_SEARCH_PATHS = (
					"$(inherited)",
					"@executable_path/Frameworks",
				);
				MARKETING_VERSION = 1.0;
				PRODUCT_BUNDLE_IDENTIFIER = Suppka.Test;
				PRODUCT_NAME = "$(TARGET_NAME)";
				SUPPORTED_PLATFORMS = "xros xrsimulator";
				SWIFT_EMIT_LOC_STRINGS = YES;
				SWIFT_VERSION = 5.0;
				TARGETED_DEVICE_FAMILY = "1,2,7";
			};
			name = Release;
		};
		34BC2D6C2B7275B200E68073 /* Debug */ = {
			isa = XCBuildConfiguration;
			buildSettings = {
				ALWAYS_EMBED_SWIFT_STANDARD_LIBRARIES = YES;
				BUNDLE_LOADER = "$(TEST_HOST)";
				CODE_SIGN_STYLE = Automatic;
				CURRENT_PROJECT_VERSION = 1;
				GENERATE_INFOPLIST_FILE = YES;
				MARKETING_VERSION = 1.0;
				PRODUCT_BUNDLE_IDENTIFIER = Suppka.TestTests;
				PRODUCT_NAME = "$(TARGET_NAME)";
				SUPPORTED_PLATFORMS = "xros xrsimulator";
				SWIFT_EMIT_LOC_STRINGS = NO;
				SWIFT_VERSION = 5.0;
				TARGETED_DEVICE_FAMILY = "1,2,7";
				TEST_HOST = "$(BUILT_PRODUCTS_DIR)/Test.app/$(BUNDLE_EXECUTABLE_FOLDER_PATH)/Test";
				XROS_DEPLOYMENT_TARGET = 1.0;
			};
			name = Debug;
		};
		34BC2D6D2B7275B200E68073 /* Release */ = {
			isa = XCBuildConfiguration;
			buildSettings = {
				ALWAYS_EMBED_SWIFT_STANDARD_LIBRARIES = YES;
				BUNDLE_LOADER = "$(TEST_HOST)";
				CODE_SIGN_STYLE = Automatic;
				CURRENT_PROJECT_VERSION = 1;
				GENERATE_INFOPLIST_FILE = YES;
				MARKETING_VERSION = 1.0;
				PRODUCT_BUNDLE_IDENTIFIER = Suppka.TestTests;
				PRODUCT_NAME = "$(TARGET_NAME)";
				SUPPORTED_PLATFORMS = "xros xrsimulator";
				SWIFT_EMIT_LOC_STRINGS = NO;
				SWIFT_VERSION = 5.0;
				TARGETED_DEVICE_FAMILY = "1,2,7";
				TEST_HOST = "$(BUILT_PRODUCTS_DIR)/Test.app/$(BUNDLE_EXECUTABLE_FOLDER_PATH)/Test";
				XROS_DEPLOYMENT_TARGET = 1.0;
			};
			name = Release;
		};
/* End XCBuildConfiguration section */

/* Begin XCConfigurationList section */
		34BC2D422B7275AF00E68073 /* Build configuration list for PBXProject "Test" */ = {
			isa = XCConfigurationList;
			buildConfigurations = (
				34BC2D662B7275B200E68073 /* Debug */,
				34BC2D672B7275B200E68073 /* Release */,
			);
			defaultConfigurationIsVisible = 0;
			defaultConfigurationName = Release;
		};
		34BC2D682B7275B200E68073 /* Build configuration list for PBXNativeTarget "Test" */ = {
			isa = XCConfigurationList;
			buildConfigurations = (
				34BC2D692B7275B200E68073 /* Debug */,
				34BC2D6A2B7275B200E68073 /* Release */,
			);
			defaultConfigurationIsVisible = 0;
			defaultConfigurationName = Release;
		};
		34BC2D6B2B7275B200E68073 /* Build configuration list for PBXNativeTarget "TestTests" */ = {
			isa = XCConfigurationList;
			buildConfigurations = (
				34BC2D6C2B7275B200E68073 /* Debug */,
				34BC2D6D2B7275B200E68073 /* Release */,
			);
			defaultConfigurationIsVisible = 0;
			defaultConfigurationName = Release;
		};
/* End XCConfigurationList section */

/* Begin XCSwiftPackageProductDependency section */
		34BC2D4C2B7275AF00E68073 /* RealityKitContent */ = {
			isa = XCSwiftPackageProductDependency;
			productName = RealityKitContent;
		};
/* End XCSwiftPackageProductDependency section */
	};
	rootObject = 34BC2D3F2B7275AF00E68073 /* Project object */;
}
